// !$*UTF8*$!
{
	archiveVersion = 1;
	classes = {
	};
	objectVersion = 50;
	objects = {

/* Begin PBXBuildFile section */
		BBDC34D926848FD5007E80E3 /* main.swift in Sources */ = {isa = PBXBuildFile; fileRef = BBDC34D826848FD5007E80E3 /* main.swift */; };
		BBDC34E626848FEA007E80E3 /* HeapTests.swift in Sources */ = {isa = PBXBuildFile; fileRef = BBDC34E526848FEA007E80E3 /* HeapTests.swift */; };
		BBDC34EC26848FF8007E80E3 /* Heap.swift in Sources */ = {isa = PBXBuildFile; fileRef = BBDC34EB26848FF8007E80E3 /* Heap.swift */; };
		BBDC34ED26848FF8007E80E3 /* Heap.swift in Sources */ = {isa = PBXBuildFile; fileRef = BBDC34EB26848FF8007E80E3 /* Heap.swift */; };
/* End PBXBuildFile section */

/* Begin PBXCopyFilesBuildPhase section */
		BBDC34D326848FD5007E80E3 /* CopyFiles */ = {
			isa = PBXCopyFilesBuildPhase;
			buildActionMask = 2147483647;
			dstPath = /usr/share/man/man1/;
			dstSubfolderSpec = 0;
			files = (
			);
			runOnlyForDeploymentPostprocessing = 1;
		};
/* End PBXCopyFilesBuildPhase section */

/* Begin PBXFileReference section */
		BBDC34D526848FD5007E80E3 /* Heap */ = {isa = PBXFileReference; explicitFileType = "compiled.mach-o.executable"; includeInIndex = 0; path = Heap; sourceTree = BUILT_PRODUCTS_DIR; };
		BBDC34D826848FD5007E80E3 /* main.swift */ = {isa = PBXFileReference; lastKnownFileType = sourcecode.swift; path = main.swift; sourceTree = "<group>"; };
		BBDC34E326848FEA007E80E3 /* HeapTests.xctest */ = {isa = PBXFileReference; explicitFileType = wrapper.cfbundle; includeInIndex = 0; path = HeapTests.xctest; sourceTree = BUILT_PRODUCTS_DIR; };
		BBDC34E526848FEA007E80E3 /* HeapTests.swift */ = {isa = PBXFileReference; lastKnownFileType = sourcecode.swift; path = HeapTests.swift; sourceTree = "<group>"; };
		BBDC34E726848FEA007E80E3 /* Info.plist */ = {isa = PBXFileReference; lastKnownFileType = text.plist.xml; path = Info.plist; sourceTree = "<group>"; };
		BBDC34EB26848FF8007E80E3 /* Heap.swift */ = {isa = PBXFileReference; lastKnownFileType = sourcecode.swift; path = Heap.swift; sourceTree = "<group>"; };
/* End PBXFileReference section */

/* Begin PBXFrameworksBuildPhase section */
		BBDC34D226848FD5007E80E3 /* Frameworks */ = {
			isa = PBXFrameworksBuildPhase;
			buildActionMask = 2147483647;
			files = (
			);
			runOnlyForDeploymentPostprocessing = 0;
		};
		BBDC34E026848FEA007E80E3 /* Frameworks */ = {
			isa = PBXFrameworksBuildPhase;
			buildActionMask = 2147483647;
			files = (
			);
			runOnlyForDeploymentPostprocessing = 0;
		};
/* End PBXFrameworksBuildPhase section */

/* Begin PBXGroup section */
		BBDC34CC26848FD5007E80E3 = {
			isa = PBXGroup;
			children = (
				BBDC34D726848FD5007E80E3 /* Heap */,
				BBDC34E426848FEA007E80E3 /* HeapTests */,
				BBDC34D626848FD5007E80E3 /* Products */,
			);
			sourceTree = "<group>";
		};
		BBDC34D626848FD5007E80E3 /* Products */ = {
			isa = PBXGroup;
			children = (
				BBDC34D526848FD5007E80E3 /* Heap */,
				BBDC34E326848FEA007E80E3 /* HeapTests.xctest */,
			);
			name = Products;
			sourceTree = "<group>";
		};
		BBDC34D726848FD5007E80E3 /* Heap */ = {
			isa = PBXGroup;
			children = (
				BBDC34D826848FD5007E80E3 /* main.swift */,
				BBDC34EB26848FF8007E80E3 /* Heap.swift */,
			);
			path = Heap;
			sourceTree = "<group>";
		};
		BBDC34E426848FEA007E80E3 /* HeapTests */ = {
			isa = PBXGroup;
			children = (
				BBDC34E526848FEA007E80E3 /* HeapTests.swift */,
				BBDC34E726848FEA007E80E3 /* Info.plist */,
			);
			path = HeapTests;
			sourceTree = "<group>";
		};
/* End PBXGroup section */

/* Begin PBXNativeTarget section */
		BBDC34D426848FD5007E80E3 /* Heap */ = {
			isa = PBXNativeTarget;
			buildConfigurationList = BBDC34DC26848FD5007E80E3 /* Build configuration list for PBXNativeTarget "Heap" */;
			buildPhases = (
				BBDC34D126848FD5007E80E3 /* Sources */,
				BBDC34D226848FD5007E80E3 /* Frameworks */,
				BBDC34D326848FD5007E80E3 /* CopyFiles */,
			);
			buildRules = (
			);
			dependencies = (
			);
			name = Heap;
			productName = Heap;
			productReference = BBDC34D526848FD5007E80E3 /* Heap */;
			productType = "com.apple.product-type.tool";
		};
		BBDC34E226848FEA007E80E3 /* HeapTests */ = {
			isa = PBXNativeTarget;
			buildConfigurationList = BBDC34E826848FEA007E80E3 /* Build configuration list for PBXNativeTarget "HeapTests" */;
			buildPhases = (
				BBDC34DF26848FEA007E80E3 /* Sources */,
				BBDC34E026848FEA007E80E3 /* Frameworks */,
				BBDC34E126848FEA007E80E3 /* Resources */,
			);
			buildRules = (
			);
			dependencies = (
			);
			name = HeapTests;
			productName = HeapTests;
			productReference = BBDC34E326848FEA007E80E3 /* HeapTests.xctest */;
			productType = "com.apple.product-type.bundle.unit-test";
		};
/* End PBXNativeTarget section */

/* Begin PBXProject section */
		BBDC34CD26848FD5007E80E3 /* Project object */ = {
			isa = PBXProject;
			attributes = {
				LastSwiftUpdateCheck = 1250;
				LastUpgradeCheck = 1250;
				TargetAttributes = {
					BBDC34D426848FD5007E80E3 = {
						CreatedOnToolsVersion = 12.5;
					};
					BBDC34E226848FEA007E80E3 = {
						CreatedOnToolsVersion = 12.5;
					};
				};
			};
			buildConfigurationList = BBDC34D026848FD5007E80E3 /* Build configuration list for PBXProject "Heap" */;
			compatibilityVersion = "Xcode 9.3";
			developmentRegion = en;
			hasScannedForEncodings = 0;
			knownRegions = (
				en,
				Base,
			);
			mainGroup = BBDC34CC26848FD5007E80E3;
			productRefGroup = BBDC34D626848FD5007E80E3 /* Products */;
			projectDirPath = "";
			projectRoot = "";
			targets = (
				BBDC34D426848FD5007E80E3 /* Heap */,
				BBDC34E226848FEA007E80E3 /* HeapTests */,
			);
		};
/* End PBXProject section */

/* Begin PBXResourcesBuildPhase section */
		BBDC34E126848FEA007E80E3 /* Resources */ = {
			isa = PBXResourcesBuildPhase;
			buildActionMask = 2147483647;
			files = (
			);
			runOnlyForDeploymentPostprocessing = 0;
		};
/* End PBXResourcesBuildPhase section */

/* Begin PBXSourcesBuildPhase section */
		BBDC34D126848FD5007E80E3 /* Sources */ = {
			isa = PBXSourcesBuildPhase;
			buildActionMask = 2147483647;
			files = (
				BBDC34D926848FD5007E80E3 /* main.swift in Sources */,
				BBDC34EC26848FF8007E80E3 /* Heap.swift in Sources */,
			);
			runOnlyForDeploymentPostprocessing = 0;
		};
		BBDC34DF26848FEA007E80E3 /* Sources */ = {
			isa = PBXSourcesBuildPhase;
			buildActionMask = 2147483647;
			files = (
				BBDC34E626848FEA007E80E3 /* HeapTests.swift in Sources */,
				BBDC34ED26848FF8007E80E3 /* Heap.swift in Sources */,
			);
			runOnlyForDeploymentPostprocessing = 0;
		};
/* End PBXSourcesBuildPhase section */

/* Begin XCBuildConfiguration section */
		BBDC34DA26848FD5007E80E3 /* Debug */ = {
			isa = XCBuildConfiguration;
			buildSettings = {
				ALWAYS_SEARCH_USER_PATHS = NO;
				CLANG_ANALYZER_NONNULL = YES;
				CLANG_ANALYZER_NUMBER_OBJECT_CONVERSION = YES_AGGRESSIVE;
				CLANG_CXX_LANGUAGE_STANDARD = "gnu++14";
				CLANG_CXX_LIBRARY = "libc++";
				CLANG_ENABLE_MODULES = YES;
				CLANG_ENABLE_OBJC_ARC = YES;
				CLANG_ENABLE_OBJC_WEAK = YES;
				CLANG_WARN_BLOCK_CAPTURE_AUTORELEASING = YES;
				CLANG_WARN_BOOL_CONVERSION = YES;
				CLANG_WARN_COMMA = YES;
				CLANG_WARN_CONSTANT_CONVERSION = YES;
				CLANG_WARN_DEPRECATED_OBJC_IMPLEMENTATIONS = YES;
				CLANG_WARN_DIRECT_OBJC_ISA_USAGE = YES_ERROR;
				CLANG_WARN_DOCUMENTATION_COMMENTS = YES;
				CLANG_WARN_EMPTY_BODY = YES;
				CLANG_WARN_ENUM_CONVERSION = YES;
				CLANG_WARN_INFINITE_RECURSION = YES;
				CLANG_WARN_INT_CONVERSION = YES;
				CLANG_WARN_NON_LITERAL_NULL_CONVERSION = YES;
				CLANG_WARN_OBJC_IMPLICIT_RETAIN_SELF = YES;
				CLANG_WARN_OBJC_LITERAL_CONVERSION = YES;
				CLANG_WARN_OBJC_ROOT_CLASS = YES_ERROR;
				CLANG_WARN_QUOTED_INCLUDE_IN_FRAMEWORK_HEADER = YES;
				CLANG_WARN_RANGE_LOOP_ANALYSIS = YES;
				CLANG_WARN_STRICT_PROTOTYPES = YES;
				CLANG_WARN_SUSPICIOUS_MOVE = YES;
				CLANG_WARN_UNGUARDED_AVAILABILITY = YES_AGGRESSIVE;
				CLANG_WARN_UNREACHABLE_CODE = YES;
				CLANG_WARN__DUPLICATE_METHOD_MATCH = YES;
				COPY_PHASE_STRIP = NO;
				DEBUG_INFORMATION_FORMAT = dwarf;
				ENABLE_STRICT_OBJC_MSGSEND = YES;
				ENABLE_TESTABILITY = YES;
				GCC_C_LANGUAGE_STANDARD = gnu11;
				GCC_DYNAMIC_NO_PIC = NO;
				GCC_NO_COMMON_BLOCKS = YES;
				GCC_OPTIMIZATION_LEVEL = 0;
				GCC_PREPROCESSOR_DEFINITIONS = (
					"DEBUG=1",
					"$(inherited)",
				);
				GCC_WARN_64_TO_32_BIT_CONVERSION = YES;
				GCC_WARN_ABOUT_RETURN_TYPE = YES_ERROR;
				GCC_WARN_UNDECLARED_SELECTOR = YES;
				GCC_WARN_UNINITIALIZED_AUTOS = YES_AGGRESSIVE;
				GCC_WARN_UNUSED_FUNCTION = YES;
				GCC_WARN_UNUSED_VARIABLE = YES;
				MACOSX_DEPLOYMENT_TARGET = 11.3;
				MTL_ENABLE_DEBUG_INFO = INCLUDE_SOURCE;
				MTL_FAST_MATH = YES;
				ONLY_ACTIVE_ARCH = YES;
				SDKROOT = macosx;
				SWIFT_ACTIVE_COMPILATION_CONDITIONS = DEBUG;
				SWIFT_OPTIMIZATION_LEVEL = "-Onone";
			};
			name = Debug;
		};
		BBDC34DB26848FD5007E80E3 /* Release */ = {
			isa = XCBuildConfiguration;
			buildSettings = {
				ALWAYS_SEARCH_USER_PATHS = NO;
				CLANG_ANALYZER_NONNULL = YES;
				CLANG_ANALYZER_NUMBER_OBJECT_CONVERSION = YES_AGGRESSIVE;
				CLANG_CXX_LANGUAGE_STANDARD = "gnu++14";
				CLANG_CXX_LIBRARY = "libc++";
				CLANG_ENABLE_MODULES = YES;
				CLANG_ENABLE_OBJC_ARC = YES;
				CLANG_ENABLE_OBJC_WEAK = YES;
				CLANG_WARN_BLOCK_CAPTURE_AUTORELEASING = YES;
				CLANG_WARN_BOOL_CONVERSION = YES;
				CLANG_WARN_COMMA = YES;
				CLANG_WARN_CONSTANT_CONVERSION = YES;
				CLANG_WARN_DEPRECATED_OBJC_IMPLEMENTATIONS = YES;
				CLANG_WARN_DIRECT_OBJC_ISA_USAGE = YES_ERROR;
				CLANG_WARN_DOCUMENTATION_COMMENTS = YES;
				CLANG_WARN_EMPTY_BODY = YES;
				CLANG_WARN_ENUM_CONVERSION = YES;
				CLANG_WARN_INFINITE_RECURSION = YES;
				CLANG_WARN_INT_CONVERSION = YES;
				CLANG_WARN_NON_LITERAL_NULL_CONVERSION = YES;
				CLANG_WARN_OBJC_IMPLICIT_RETAIN_SELF = YES;
				CLANG_WARN_OBJC_LITERAL_CONVERSION = YES;
				CLANG_WARN_OBJC_ROOT_CLASS = YES_ERROR;
				CLANG_WARN_QUOTED_INCLUDE_IN_FRAMEWORK_HEADER = YES;
				CLANG_WARN_RANGE_LOOP_ANALYSIS = YES;
				CLANG_WARN_STRICT_PROTOTYPES = YES;
				CLANG_WARN_SUSPICIOUS_MOVE = YES;
				CLANG_WARN_UNGUARDED_AVAILABILITY = YES_AGGRESSIVE;
				CLANG_WARN_UNREACHABLE_CODE = YES;
				CLANG_WARN__DUPLICATE_METHOD_MATCH = YES;
				COPY_PHASE_STRIP = NO;
				DEBUG_INFORMATION_FORMAT = "dwarf-with-dsym";
				ENABLE_NS_ASSERTIONS = NO;
				ENABLE_STRICT_OBJC_MSGSEND = YES;
				GCC_C_LANGUAGE_STANDARD = gnu11;
				GCC_NO_COMMON_BLOCKS = YES;
				GCC_WARN_64_TO_32_BIT_CONVERSION = YES;
				GCC_WARN_ABOUT_RETURN_TYPE = YES_ERROR;
				GCC_WARN_UNDECLARED_SELECTOR = YES;
				GCC_WARN_UNINITIALIZED_AUTOS = YES_AGGRESSIVE;
				GCC_WARN_UNUSED_FUNCTION = YES;
				GCC_WARN_UNUSED_VARIABLE = YES;
				MACOSX_DEPLOYMENT_TARGET = 11.3;
				MTL_ENABLE_DEBUG_INFO = NO;
				MTL_FAST_MATH = YES;
				SDKROOT = macosx;
				SWIFT_COMPILATION_MODE = wholemodule;
				SWIFT_OPTIMIZATION_LEVEL = "-O";
			};
			name = Release;
		};
		BBDC34DD26848FD5007E80E3 /* Debug */ = {
			isa = XCBuildConfiguration;
			buildSettings = {
				CODE_SIGN_STYLE = Automatic;
				DEVELOPMENT_TEAM = 3L2KZA8674;
				ENABLE_HARDENED_RUNTIME = YES;
				PRODUCT_NAME = "$(TARGET_NAME)";
				SWIFT_VERSION = 5.0;
			};
			name = Debug;
		};
		BBDC34DE26848FD5007E80E3 /* Release */ = {
			isa = XCBuildConfiguration;
			buildSettings = {
				CODE_SIGN_STYLE = Automatic;
				DEVELOPMENT_TEAM = 3L2KZA8674;
				ENABLE_HARDENED_RUNTIME = YES;
				PRODUCT_NAME = "$(TARGET_NAME)";
				SWIFT_VERSION = 5.0;
			};
			name = Release;
		};
		BBDC34E926848FEA007E80E3 /* Debug */ = {
			isa = XCBuildConfiguration;
			buildSettings = {
				CODE_SIGN_STYLE = Automatic;
				COMBINE_HIDPI_IMAGES = YES;
				DEVELOPMENT_TEAM = 3L2KZA8674;
				INFOPLIST_FILE = HeapTests/Info.plist;
				LD_RUNPATH_SEARCH_PATHS = (
					"$(inherited)",
					"@executable_path/../Frameworks",
					"@loader_path/../Frameworks",
				);
				PRODUCT_BUNDLE_IDENTIFIER = io.github.suzhenyu.HeapTests;
				PRODUCT_NAME = "$(TARGET_NAME)";
				SWIFT_VERSION = 5.0;
			};
			name = Debug;
		};
		BBDC34EA26848FEA007E80E3 /* Release */ = {
			isa = XCBuildConfiguration;
			buildSettings = {
				CODE_SIGN_STYLE = Automatic;
				COMBINE_HIDPI_IMAGES = YES;
				DEVELOPMENT_TEAM = 3L2KZA8674;
				INFOPLIST_FILE = HeapTests/Info.plist;
				LD_RUNPATH_SEARCH_PATHS = (
					"$(inherited)",
					"@executable_path/../Frameworks",
					"@loader_path/../Frameworks",
				);
				PRODUCT_BUNDLE_IDENTIFIER = io.github.suzhenyu.HeapTests;
				PRODUCT_NAME = "$(TARGET_NAME)";
				SWIFT_VERSION = 5.0;
			};
			name = Release;
		};
/* End XCBuildConfiguration section */

/* Begin XCConfigurationList section */
		BBDC34D026848FD5007E80E3 /* Build configuration list for PBXProject "Heap" */ = {
			isa = XCConfigurationList;
			buildConfigurations = (
				BBDC34DA26848FD5007E80E3 /* Debug */,
				BBDC34DB26848FD5007E80E3 /* Release */,
			);
			defaultConfigurationIsVisible = 0;
			defaultConfigurationName = Release;
		};
		BBDC34DC26848FD5007E80E3 /* Build configuration list for PBXNativeTarget "Heap" */ = {
			isa = XCConfigurationList;
			buildConfigurations = (
				BBDC34DD26848FD5007E80E3 /* Debug */,
				BBDC34DE26848FD5007E80E3 /* Release */,
			);
			defaultConfigurationIsVisible = 0;
			defaultConfigurationName = Release;
		};
		BBDC34E826848FEA007E80E3 /* Build configuration list for PBXNativeTarget "HeapTests" */ = {
			isa = XCConfigurationList;
			buildConfigurations = (
				BBDC34E926848FEA007E80E3 /* Debug */,
				BBDC34EA26848FEA007E80E3 /* Release */,
			);
			defaultConfigurationIsVisible = 0;
			defaultConfigurationName = Release;
		};
/* End XCConfigurationList section */
	};
	rootObject = BBDC34CD26848FD5007E80E3 /* Project object */;
}
