// !$*UTF8*$!
{
	archiveVersion = 1;
	classes = {
	};
	objectVersion = 50;
	objects = {

/* Begin PBXBuildFile section */
		BB98795A2681D66C0075DE00 /* main.swift in Sources */ = {isa = PBXBuildFile; fileRef = BB9879592681D66C0075DE00 /* main.swift */; };
		BB9879672681D6850075DE00 /* RingBufferTests.swift in Sources */ = {isa = PBXBuildFile; fileRef = BB9879662681D6850075DE00 /* RingBufferTests.swift */; };
		BB98796D2681D6F80075DE00 /* RingBuffer.swift in Sources */ = {isa = PBXBuildFile; fileRef = BB98796C2681D6F80075DE00 /* RingBuffer.swift */; };
		BB98796E2681D6F80075DE00 /* RingBuffer.swift in Sources */ = {isa = PBXBuildFile; fileRef = BB98796C2681D6F80075DE00 /* RingBuffer.swift */; };
/* End PBXBuildFile section */

/* Begin PBXCopyFilesBuildPhase section */
		BB9879542681D66C0075DE00 /* CopyFiles */ = {
			isa = PBXCopyFilesBuildPhase;
			buildActionMask = 2147483647;
			dstPath = /usr/share/man/man1/;
			dstSubfolderSpec = 0;
			files = (
			);
			runOnlyForDeploymentPostprocessing = 1;
		};
/* End PBXCopyFilesBuildPhase section */

/* Begin PBXFileReference section */
		BB9879562681D66C0075DE00 /* RingBuffer */ = {isa = PBXFileReference; explicitFileType = "compiled.mach-o.executable"; includeInIndex = 0; path = RingBuffer; sourceTree = BUILT_PRODUCTS_DIR; };
		BB9879592681D66C0075DE00 /* main.swift */ = {isa = PBXFileReference; lastKnownFileType = sourcecode.swift; path = main.swift; sourceTree = "<group>"; };
		BB9879642681D6850075DE00 /* RingBufferTests.xctest */ = {isa = PBXFileReference; explicitFileType = wrapper.cfbundle; includeInIndex = 0; path = RingBufferTests.xctest; sourceTree = BUILT_PRODUCTS_DIR; };
		BB9879662681D6850075DE00 /* RingBufferTests.swift */ = {isa = PBXFileReference; lastKnownFileType = sourcecode.swift; path = RingBufferTests.swift; sourceTree = "<group>"; };
		BB9879682681D6850075DE00 /* Info.plist */ = {isa = PBXFileReference; lastKnownFileType = text.plist.xml; path = Info.plist; sourceTree = "<group>"; };
		BB98796C2681D6F80075DE00 /* RingBuffer.swift */ = {isa = PBXFileReference; lastKnownFileType = sourcecode.swift; path = RingBuffer.swift; sourceTree = "<group>"; };
/* End PBXFileReference section */

/* Begin PBXFrameworksBuildPhase section */
		BB9879532681D66C0075DE00 /* Frameworks */ = {
			isa = PBXFrameworksBuildPhase;
			buildActionMask = 2147483647;
			files = (
			);
			runOnlyForDeploymentPostprocessing = 0;
		};
		BB9879612681D6850075DE00 /* Frameworks */ = {
			isa = PBXFrameworksBuildPhase;
			buildActionMask = 2147483647;
			files = (
			);
			runOnlyForDeploymentPostprocessing = 0;
		};
/* End PBXFrameworksBuildPhase section */

/* Begin PBXGroup section */
		BB98794D2681D66C0075DE00 = {
			isa = PBXGroup;
			children = (
				BB9879582681D66C0075DE00 /* RingBuffer */,
				BB9879652681D6850075DE00 /* RingBufferTests */,
				BB9879572681D66C0075DE00 /* Products */,
			);
			sourceTree = "<group>";
		};
		BB9879572681D66C0075DE00 /* Products */ = {
			isa = PBXGroup;
			children = (
				BB9879562681D66C0075DE00 /* RingBuffer */,
				BB9879642681D6850075DE00 /* RingBufferTests.xctest */,
			);
			name = Products;
			sourceTree = "<group>";
		};
		BB9879582681D66C0075DE00 /* RingBuffer */ = {
			isa = PBXGroup;
			children = (
				BB9879592681D66C0075DE00 /* main.swift */,
				BB98796C2681D6F80075DE00 /* RingBuffer.swift */,
			);
			path = RingBuffer;
			sourceTree = "<group>";
		};
		BB9879652681D6850075DE00 /* RingBufferTests */ = {
			isa = PBXGroup;
			children = (
				BB9879662681D6850075DE00 /* RingBufferTests.swift */,
				BB9879682681D6850075DE00 /* Info.plist */,
			);
			path = RingBufferTests;
			sourceTree = "<group>";
		};
/* End PBXGroup section */

/* Begin PBXNativeTarget section */
		BB9879552681D66C0075DE00 /* RingBuffer */ = {
			isa = PBXNativeTarget;
			buildConfigurationList = BB98795D2681D66C0075DE00 /* Build configuration list for PBXNativeTarget "RingBuffer" */;
			buildPhases = (
				BB9879522681D66C0075DE00 /* Sources */,
				BB9879532681D66C0075DE00 /* Frameworks */,
				BB9879542681D66C0075DE00 /* CopyFiles */,
			);
			buildRules = (
			);
			dependencies = (
			);
			name = RingBuffer;
			productName = RingBuffer;
			productReference = BB9879562681D66C0075DE00 /* RingBuffer */;
			productType = "com.apple.product-type.tool";
		};
		BB9879632681D6850075DE00 /* RingBufferTests */ = {
			isa = PBXNativeTarget;
			buildConfigurationList = BB9879692681D6850075DE00 /* Build configuration list for PBXNativeTarget "RingBufferTests" */;
			buildPhases = (
				BB9879602681D6850075DE00 /* Sources */,
				BB9879612681D6850075DE00 /* Frameworks */,
				BB9879622681D6850075DE00 /* Resources */,
			);
			buildRules = (
			);
			dependencies = (
			);
			name = RingBufferTests;
			productName = RingBufferTests;
			productReference = BB9879642681D6850075DE00 /* RingBufferTests.xctest */;
			productType = "com.apple.product-type.bundle.unit-test";
		};
/* End PBXNativeTarget section */

/* Begin PBXProject section */
		BB98794E2681D66C0075DE00 /* Project object */ = {
			isa = PBXProject;
			attributes = {
				LastSwiftUpdateCheck = 1250;
				LastUpgradeCheck = 1250;
				TargetAttributes = {
					BB9879552681D66C0075DE00 = {
						CreatedOnToolsVersion = 12.5;
					};
					BB9879632681D6850075DE00 = {
						CreatedOnToolsVersion = 12.5;
					};
				};
			};
			buildConfigurationList = BB9879512681D66C0075DE00 /* Build configuration list for PBXProject "RingBuffer" */;
			compatibilityVersion = "Xcode 9.3";
			developmentRegion = en;
			hasScannedForEncodings = 0;
			knownRegions = (
				en,
				Base,
			);
			mainGroup = BB98794D2681D66C0075DE00;
			productRefGroup = BB9879572681D66C0075DE00 /* Products */;
			projectDirPath = "";
			projectRoot = "";
			targets = (
				BB9879552681D66C0075DE00 /* RingBuffer */,
				BB9879632681D6850075DE00 /* RingBufferTests */,
			);
		};
/* End PBXProject section */

/* Begin PBXResourcesBuildPhase section */
		BB9879622681D6850075DE00 /* Resources */ = {
			isa = PBXResourcesBuildPhase;
			buildActionMask = 2147483647;
			files = (
			);
			runOnlyForDeploymentPostprocessing = 0;
		};
/* End PBXResourcesBuildPhase section */

/* Begin PBXSourcesBuildPhase section */
		BB9879522681D66C0075DE00 /* Sources */ = {
			isa = PBXSourcesBuildPhase;
			buildActionMask = 2147483647;
			files = (
				BB98795A2681D66C0075DE00 /* main.swift in Sources */,
				BB98796D2681D6F80075DE00 /* RingBuffer.swift in Sources */,
			);
			runOnlyForDeploymentPostprocessing = 0;
		};
		BB9879602681D6850075DE00 /* Sources */ = {
			isa = PBXSourcesBuildPhase;
			buildActionMask = 2147483647;
			files = (
				BB9879672681D6850075DE00 /* RingBufferTests.swift in Sources */,
				BB98796E2681D6F80075DE00 /* RingBuffer.swift in Sources */,
			);
			runOnlyForDeploymentPostprocessing = 0;
		};
/* End PBXSourcesBuildPhase section */

/* Begin XCBuildConfiguration section */
		BB98795B2681D66C0075DE00 /* Debug */ = {
			isa = XCBuildConfiguration;
			buildSettings = {
				ALWAYS_SEARCH_USER_PATHS = NO;
				CLANG_ANALYZER_NONNULL = YES;
				CLANG_ANALYZER_NUMBER_OBJECT_CONVERSION = YES_AGGRESSIVE;
				CLANG_CXX_LANGUAGE_STANDARD = "gnu++14";
				CLANG_CXX_LIBRARY = "libc++";
				CLANG_ENABLE_MODULES = YES;
				CLANG_ENABLE_OBJC_ARC = YES;
				CLANG_ENABLE_OBJC_WEAK = YES;
				CLANG_WARN_BLOCK_CAPTURE_AUTORELEASING = YES;
				CLANG_WARN_BOOL_CONVERSION = YES;
				CLANG_WARN_COMMA = YES;
				CLANG_WARN_CONSTANT_CONVERSION = YES;
				CLANG_WARN_DEPRECATED_OBJC_IMPLEMENTATIONS = YES;
				CLANG_WARN_DIRECT_OBJC_ISA_USAGE = YES_ERROR;
				CLANG_WARN_DOCUMENTATION_COMMENTS = YES;
				CLANG_WARN_EMPTY_BODY = YES;
				CLANG_WARN_ENUM_CONVERSION = YES;
				CLANG_WARN_INFINITE_RECURSION = YES;
				CLANG_WARN_INT_CONVERSION = YES;
				CLANG_WARN_NON_LITERAL_NULL_CONVERSION = YES;
				CLANG_WARN_OBJC_IMPLICIT_RETAIN_SELF = YES;
				CLANG_WARN_OBJC_LITERAL_CONVERSION = YES;
				CLANG_WARN_OBJC_ROOT_CLASS = YES_ERROR;
				CLANG_WARN_QUOTED_INCLUDE_IN_FRAMEWORK_HEADER = YES;
				CLANG_WARN_RANGE_LOOP_ANALYSIS = YES;
				CLANG_WARN_STRICT_PROTOTYPES = YES;
				CLANG_WARN_SUSPICIOUS_MOVE = YES;
				CLANG_WARN_UNGUARDED_AVAILABILITY = YES_AGGRESSIVE;
				CLANG_WARN_UNREACHABLE_CODE = YES;
				CLANG_WARN__DUPLICATE_METHOD_MATCH = YES;
				COPY_PHASE_STRIP = NO;
				DEBUG_INFORMATION_FORMAT = dwarf;
				ENABLE_STRICT_OBJC_MSGSEND = YES;
				ENABLE_TESTABILITY = YES;
				GCC_C_LANGUAGE_STANDARD = gnu11;
				GCC_DYNAMIC_NO_PIC = NO;
				GCC_NO_COMMON_BLOCKS = YES;
				GCC_OPTIMIZATION_LEVEL = 0;
				GCC_PREPROCESSOR_DEFINITIONS = (
					"DEBUG=1",
					"$(inherited)",
				);
				GCC_WARN_64_TO_32_BIT_CONVERSION = YES;
				GCC_WARN_ABOUT_RETURN_TYPE = YES_ERROR;
				GCC_WARN_UNDECLARED_SELECTOR = YES;
				GCC_WARN_UNINITIALIZED_AUTOS = YES_AGGRESSIVE;
				GCC_WARN_UNUSED_FUNCTION = YES;
				GCC_WARN_UNUSED_VARIABLE = YES;
				MACOSX_DEPLOYMENT_TARGET = 11.3;
				MTL_ENABLE_DEBUG_INFO = INCLUDE_SOURCE;
				MTL_FAST_MATH = YES;
				ONLY_ACTIVE_ARCH = YES;
				SDKROOT = macosx;
				SWIFT_ACTIVE_COMPILATION_CONDITIONS = DEBUG;
				SWIFT_OPTIMIZATION_LEVEL = "-Onone";
			};
			name = Debug;
		};
		BB98795C2681D66C0075DE00 /* Release */ = {
			isa = XCBuildConfiguration;
			buildSettings = {
				ALWAYS_SEARCH_USER_PATHS = NO;
				CLANG_ANALYZER_NONNULL = YES;
				CLANG_ANALYZER_NUMBER_OBJECT_CONVERSION = YES_AGGRESSIVE;
				CLANG_CXX_LANGUAGE_STANDARD = "gnu++14";
				CLANG_CXX_LIBRARY = "libc++";
				CLANG_ENABLE_MODULES = YES;
				CLANG_ENABLE_OBJC_ARC = YES;
				CLANG_ENABLE_OBJC_WEAK = YES;
				CLANG_WARN_BLOCK_CAPTURE_AUTORELEASING = YES;
				CLANG_WARN_BOOL_CONVERSION = YES;
				CLANG_WARN_COMMA = YES;
				CLANG_WARN_CONSTANT_CONVERSION = YES;
				CLANG_WARN_DEPRECATED_OBJC_IMPLEMENTATIONS = YES;
				CLANG_WARN_DIRECT_OBJC_ISA_USAGE = YES_ERROR;
				CLANG_WARN_DOCUMENTATION_COMMENTS = YES;
				CLANG_WARN_EMPTY_BODY = YES;
				CLANG_WARN_ENUM_CONVERSION = YES;
				CLANG_WARN_INFINITE_RECURSION = YES;
				CLANG_WARN_INT_CONVERSION = YES;
				CLANG_WARN_NON_LITERAL_NULL_CONVERSION = YES;
				CLANG_WARN_OBJC_IMPLICIT_RETAIN_SELF = YES;
				CLANG_WARN_OBJC_LITERAL_CONVERSION = YES;
				CLANG_WARN_OBJC_ROOT_CLASS = YES_ERROR;
				CLANG_WARN_QUOTED_INCLUDE_IN_FRAMEWORK_HEADER = YES;
				CLANG_WARN_RANGE_LOOP_ANALYSIS = YES;
				CLANG_WARN_STRICT_PROTOTYPES = YES;
				CLANG_WARN_SUSPICIOUS_MOVE = YES;
				CLANG_WARN_UNGUARDED_AVAILABILITY = YES_AGGRESSIVE;
				CLANG_WARN_UNREACHABLE_CODE = YES;
				CLANG_WARN__DUPLICATE_METHOD_MATCH = YES;
				COPY_PHASE_STRIP = NO;
				DEBUG_INFORMATION_FORMAT = "dwarf-with-dsym";
				ENABLE_NS_ASSERTIONS = NO;
				ENABLE_STRICT_OBJC_MSGSEND = YES;
				GCC_C_LANGUAGE_STANDARD = gnu11;
				GCC_NO_COMMON_BLOCKS = YES;
				GCC_WARN_64_TO_32_BIT_CONVERSION = YES;
				GCC_WARN_ABOUT_RETURN_TYPE = YES_ERROR;
				GCC_WARN_UNDECLARED_SELECTOR = YES;
				GCC_WARN_UNINITIALIZED_AUTOS = YES_AGGRESSIVE;
				GCC_WARN_UNUSED_FUNCTION = YES;
				GCC_WARN_UNUSED_VARIABLE = YES;
				MACOSX_DEPLOYMENT_TARGET = 11.3;
				MTL_ENABLE_DEBUG_INFO = NO;
				MTL_FAST_MATH = YES;
				SDKROOT = macosx;
				SWIFT_COMPILATION_MODE = wholemodule;
				SWIFT_OPTIMIZATION_LEVEL = "-O";
			};
			name = Release;
		};
		BB98795E2681D66C0075DE00 /* Debug */ = {
			isa = XCBuildConfiguration;
			buildSettings = {
				CODE_SIGN_STYLE = Automatic;
				DEVELOPMENT_TEAM = 3L2KZA8674;
				ENABLE_HARDENED_RUNTIME = YES;
				PRODUCT_NAME = "$(TARGET_NAME)";
				SWIFT_VERSION = 5.0;
			};
			name = Debug;
		};
		BB98795F2681D66C0075DE00 /* Release */ = {
			isa = XCBuildConfiguration;
			buildSettings = {
				CODE_SIGN_STYLE = Automatic;
				DEVELOPMENT_TEAM = 3L2KZA8674;
				ENABLE_HARDENED_RUNTIME = YES;
				PRODUCT_NAME = "$(TARGET_NAME)";
				SWIFT_VERSION = 5.0;
			};
			name = Release;
		};
		BB98796A2681D6850075DE00 /* Debug */ = {
			isa = XCBuildConfiguration;
			buildSettings = {
				CODE_SIGN_STYLE = Automatic;
				COMBINE_HIDPI_IMAGES = YES;
				DEVELOPMENT_TEAM = 3L2KZA8674;
				INFOPLIST_FILE = RingBufferTests/Info.plist;
				LD_RUNPATH_SEARCH_PATHS = (
					"$(inherited)",
					"@executable_path/../Frameworks",
					"@loader_path/../Frameworks",
				);
				PRODUCT_BUNDLE_IDENTIFIER = io.github.suzhenyu.RingBufferTests;
				PRODUCT_NAME = "$(TARGET_NAME)";
				SWIFT_VERSION = 5.0;
			};
			name = Debug;
		};
		BB98796B2681D6850075DE00 /* Release */ = {
			isa = XCBuildConfiguration;
			buildSettings = {
				CODE_SIGN_STYLE = Automatic;
				COMBINE_HIDPI_IMAGES = YES;
				DEVELOPMENT_TEAM = 3L2KZA8674;
				INFOPLIST_FILE = RingBufferTests/Info.plist;
				LD_RUNPATH_SEARCH_PATHS = (
					"$(inherited)",
					"@executable_path/../Frameworks",
					"@loader_path/../Frameworks",
				);
				PRODUCT_BUNDLE_IDENTIFIER = io.github.suzhenyu.RingBufferTests;
				PRODUCT_NAME = "$(TARGET_NAME)";
				SWIFT_VERSION = 5.0;
			};
			name = Release;
		};
/* End XCBuildConfiguration section */

/* Begin XCConfigurationList section */
		BB9879512681D66C0075DE00 /* Build configuration list for PBXProject "RingBuffer" */ = {
			isa = XCConfigurationList;
			buildConfigurations = (
				BB98795B2681D66C0075DE00 /* Debug */,
				BB98795C2681D66C0075DE00 /* Release */,
			);
			defaultConfigurationIsVisible = 0;
			defaultConfigurationName = Release;
		};
		BB98795D2681D66C0075DE00 /* Build configuration list for PBXNativeTarget "RingBuffer" */ = {
			isa = XCConfigurationList;
			buildConfigurations = (
				BB98795E2681D66C0075DE00 /* Debug */,
				BB98795F2681D66C0075DE00 /* Release */,
			);
			defaultConfigurationIsVisible = 0;
			defaultConfigurationName = Release;
		};
		BB9879692681D6850075DE00 /* Build configuration list for PBXNativeTarget "RingBufferTests" */ = {
			isa = XCConfigurationList;
			buildConfigurations = (
				BB98796A2681D6850075DE00 /* Debug */,
				BB98796B2681D6850075DE00 /* Release */,
			);
			defaultConfigurationIsVisible = 0;
			defaultConfigurationName = Release;
		};
/* End XCConfigurationList section */
	};
	rootObject = BB98794E2681D66C0075DE00 /* Project object */;
}
