// !$*UTF8*$!
{
	archiveVersion = 1;
	classes = {
	};
	objectVersion = 50;
	objects = {

/* Begin PBXBuildFile section */
		BB2F6DB525C4137F001BA68A /* main.swift in Sources */ = {isa = PBXBuildFile; fileRef = BB2F6DB425C4137F001BA68A /* main.swift */; };
		BB2F6DBD25C41388001BA68A /* SinglyLinkedList.swift in Sources */ = {isa = PBXBuildFile; fileRef = BB2F6DBC25C41388001BA68A /* SinglyLinkedList.swift */; };
		BBDDF9212679FC35002DA0C2 /* SinglyLinkedListTests.swift in Sources */ = {isa = PBXBuildFile; fileRef = BBDDF9202679FC35002DA0C2 /* SinglyLinkedListTests.swift */; };
		BBDDF9292679FD10002DA0C2 /* SinglyLinkedList.swift in Sources */ = {isa = PBXBuildFile; fileRef = BB2F6DBC25C41388001BA68A /* SinglyLinkedList.swift */; };
/* End PBXBuildFile section */

/* Begin PBXCopyFilesBuildPhase section */
		BB2F6DAF25C4137F001BA68A /* CopyFiles */ = {
			isa = PBXCopyFilesBuildPhase;
			buildActionMask = 2147483647;
			dstPath = /usr/share/man/man1/;
			dstSubfolderSpec = 0;
			files = (
			);
			runOnlyForDeploymentPostprocessing = 1;
		};
/* End PBXCopyFilesBuildPhase section */

/* Begin PBXFileReference section */
		BB2F6DB125C4137F001BA68A /* SinglyLinkedList */ = {isa = PBXFileReference; explicitFileType = "compiled.mach-o.executable"; includeInIndex = 0; path = SinglyLinkedList; sourceTree = BUILT_PRODUCTS_DIR; };
		BB2F6DB425C4137F001BA68A /* main.swift */ = {isa = PBXFileReference; lastKnownFileType = sourcecode.swift; path = main.swift; sourceTree = "<group>"; };
		BB2F6DBC25C41388001BA68A /* SinglyLinkedList.swift */ = {isa = PBXFileReference; lastKnownFileType = sourcecode.swift; path = SinglyLinkedList.swift; sourceTree = "<group>"; };
		BBDDF91E2679FC35002DA0C2 /* SinglyLinkedListTests.xctest */ = {isa = PBXFileReference; explicitFileType = wrapper.cfbundle; includeInIndex = 0; path = SinglyLinkedListTests.xctest; sourceTree = BUILT_PRODUCTS_DIR; };
		BBDDF9202679FC35002DA0C2 /* SinglyLinkedListTests.swift */ = {isa = PBXFileReference; lastKnownFileType = sourcecode.swift; path = SinglyLinkedListTests.swift; sourceTree = "<group>"; };
		BBDDF9222679FC35002DA0C2 /* Info.plist */ = {isa = PBXFileReference; lastKnownFileType = text.plist.xml; path = Info.plist; sourceTree = "<group>"; };
/* End PBXFileReference section */

/* Begin PBXFrameworksBuildPhase section */
		BB2F6DAE25C4137F001BA68A /* Frameworks */ = {
			isa = PBXFrameworksBuildPhase;
			buildActionMask = 2147483647;
			files = (
			);
			runOnlyForDeploymentPostprocessing = 0;
		};
		BBDDF91B2679FC35002DA0C2 /* Frameworks */ = {
			isa = PBXFrameworksBuildPhase;
			buildActionMask = 2147483647;
			files = (
			);
			runOnlyForDeploymentPostprocessing = 0;
		};
/* End PBXFrameworksBuildPhase section */

/* Begin PBXGroup section */
		BB2F6DA825C4137F001BA68A = {
			isa = PBXGroup;
			children = (
				BB2F6DB325C4137F001BA68A /* SinglyLinkedList */,
				BBDDF91F2679FC35002DA0C2 /* SinglyLinkedListTests */,
				BB2F6DB225C4137F001BA68A /* Products */,
			);
			sourceTree = "<group>";
		};
		BB2F6DB225C4137F001BA68A /* Products */ = {
			isa = PBXGroup;
			children = (
				BB2F6DB125C4137F001BA68A /* SinglyLinkedList */,
				BBDDF91E2679FC35002DA0C2 /* SinglyLinkedListTests.xctest */,
			);
			name = Products;
			sourceTree = "<group>";
		};
		BB2F6DB325C4137F001BA68A /* SinglyLinkedList */ = {
			isa = PBXGroup;
			children = (
				BB2F6DB425C4137F001BA68A /* main.swift */,
				BB2F6DBC25C41388001BA68A /* SinglyLinkedList.swift */,
			);
			path = SinglyLinkedList;
			sourceTree = "<group>";
		};
		BBDDF91F2679FC35002DA0C2 /* SinglyLinkedListTests */ = {
			isa = PBXGroup;
			children = (
				BBDDF9202679FC35002DA0C2 /* SinglyLinkedListTests.swift */,
				BBDDF9222679FC35002DA0C2 /* Info.plist */,
			);
			path = SinglyLinkedListTests;
			sourceTree = "<group>";
		};
/* End PBXGroup section */

/* Begin PBXNativeTarget section */
		BB2F6DB025C4137F001BA68A /* SinglyLinkedList */ = {
			isa = PBXNativeTarget;
			buildConfigurationList = BB2F6DB825C4137F001BA68A /* Build configuration list for PBXNativeTarget "SinglyLinkedList" */;
			buildPhases = (
				BB2F6DAD25C4137F001BA68A /* Sources */,
				BB2F6DAE25C4137F001BA68A /* Frameworks */,
				BB2F6DAF25C4137F001BA68A /* CopyFiles */,
			);
			buildRules = (
			);
			dependencies = (
			);
			name = SinglyLinkedList;
			productName = SinglyLinkedList;
			productReference = BB2F6DB125C4137F001BA68A /* SinglyLinkedList */;
			productType = "com.apple.product-type.tool";
		};
		BBDDF91D2679FC35002DA0C2 /* SinglyLinkedListTests */ = {
			isa = PBXNativeTarget;
			buildConfigurationList = BBDDF9232679FC35002DA0C2 /* Build configuration list for PBXNativeTarget "SinglyLinkedListTests" */;
			buildPhases = (
				BBDDF91A2679FC35002DA0C2 /* Sources */,
				BBDDF91B2679FC35002DA0C2 /* Frameworks */,
				BBDDF91C2679FC35002DA0C2 /* Resources */,
			);
			buildRules = (
			);
			dependencies = (
			);
			name = SinglyLinkedListTests;
			productName = SinglyLinkedListTests;
			productReference = BBDDF91E2679FC35002DA0C2 /* SinglyLinkedListTests.xctest */;
			productType = "com.apple.product-type.bundle.unit-test";
		};
/* End PBXNativeTarget section */

/* Begin PBXProject section */
		BB2F6DA925C4137F001BA68A /* Project object */ = {
			isa = PBXProject;
			attributes = {
				LastSwiftUpdateCheck = 1250;
				LastUpgradeCheck = 1250;
				TargetAttributes = {
					BB2F6DB025C4137F001BA68A = {
						CreatedOnToolsVersion = 12.2;
					};
					BBDDF91D2679FC35002DA0C2 = {
						CreatedOnToolsVersion = 12.5;
					};
				};
			};
			buildConfigurationList = BB2F6DAC25C4137F001BA68A /* Build configuration list for PBXProject "SinglyLinkedList" */;
			compatibilityVersion = "Xcode 9.3";
			developmentRegion = en;
			hasScannedForEncodings = 0;
			knownRegions = (
				en,
				Base,
			);
			mainGroup = BB2F6DA825C4137F001BA68A;
			productRefGroup = BB2F6DB225C4137F001BA68A /* Products */;
			projectDirPath = "";
			projectRoot = "";
			targets = (
				BB2F6DB025C4137F001BA68A /* SinglyLinkedList */,
				BBDDF91D2679FC35002DA0C2 /* SinglyLinkedListTests */,
			);
		};
/* End PBXProject section */

/* Begin PBXResourcesBuildPhase section */
		BBDDF91C2679FC35002DA0C2 /* Resources */ = {
			isa = PBXResourcesBuildPhase;
			buildActionMask = 2147483647;
			files = (
			);
			runOnlyForDeploymentPostprocessing = 0;
		};
/* End PBXResourcesBuildPhase section */

/* Begin PBXSourcesBuildPhase section */
		BB2F6DAD25C4137F001BA68A /* Sources */ = {
			isa = PBXSourcesBuildPhase;
			buildActionMask = 2147483647;
			files = (
				BB2F6DBD25C41388001BA68A /* SinglyLinkedList.swift in Sources */,
				BB2F6DB525C4137F001BA68A /* main.swift in Sources */,
			);
			runOnlyForDeploymentPostprocessing = 0;
		};
		BBDDF91A2679FC35002DA0C2 /* Sources */ = {
			isa = PBXSourcesBuildPhase;
			buildActionMask = 2147483647;
			files = (
				BBDDF9292679FD10002DA0C2 /* SinglyLinkedList.swift in Sources */,
				BBDDF9212679FC35002DA0C2 /* SinglyLinkedListTests.swift in Sources */,
			);
			runOnlyForDeploymentPostprocessing = 0;
		};
/* End PBXSourcesBuildPhase section */

/* Begin XCBuildConfiguration section */
		BB2F6DB625C4137F001BA68A /* Debug */ = {
			isa = XCBuildConfiguration;
			buildSettings = {
				ALWAYS_SEARCH_USER_PATHS = NO;
				CLANG_ANALYZER_NONNULL = YES;
				CLANG_ANALYZER_NUMBER_OBJECT_CONVERSION = YES_AGGRESSIVE;
				CLANG_CXX_LANGUAGE_STANDARD = "gnu++14";
				CLANG_CXX_LIBRARY = "libc++";
				CLANG_ENABLE_MODULES = YES;
				CLANG_ENABLE_OBJC_ARC = YES;
				CLANG_ENABLE_OBJC_WEAK = YES;
				CLANG_WARN_BLOCK_CAPTURE_AUTORELEASING = YES;
				CLANG_WARN_BOOL_CONVERSION = YES;
				CLANG_WARN_COMMA = YES;
				CLANG_WARN_CONSTANT_CONVERSION = YES;
				CLANG_WARN_DEPRECATED_OBJC_IMPLEMENTATIONS = YES;
				CLANG_WARN_DIRECT_OBJC_ISA_USAGE = YES_ERROR;
				CLANG_WARN_DOCUMENTATION_COMMENTS = YES;
				CLANG_WARN_EMPTY_BODY = YES;
				CLANG_WARN_ENUM_CONVERSION = YES;
				CLANG_WARN_INFINITE_RECURSION = YES;
				CLANG_WARN_INT_CONVERSION = YES;
				CLANG_WARN_NON_LITERAL_NULL_CONVERSION = YES;
				CLANG_WARN_OBJC_IMPLICIT_RETAIN_SELF = YES;
				CLANG_WARN_OBJC_LITERAL_CONVERSION = YES;
				CLANG_WARN_OBJC_ROOT_CLASS = YES_ERROR;
				CLANG_WARN_QUOTED_INCLUDE_IN_FRAMEWORK_HEADER = YES;
				CLANG_WARN_RANGE_LOOP_ANALYSIS = YES;
				CLANG_WARN_STRICT_PROTOTYPES = YES;
				CLANG_WARN_SUSPICIOUS_MOVE = YES;
				CLANG_WARN_UNGUARDED_AVAILABILITY = YES_AGGRESSIVE;
				CLANG_WARN_UNREACHABLE_CODE = YES;
				CLANG_WARN__DUPLICATE_METHOD_MATCH = YES;
				COPY_PHASE_STRIP = NO;
				DEBUG_INFORMATION_FORMAT = dwarf;
				ENABLE_STRICT_OBJC_MSGSEND = YES;
				ENABLE_TESTABILITY = YES;
				GCC_C_LANGUAGE_STANDARD = gnu11;
				GCC_DYNAMIC_NO_PIC = NO;
				GCC_NO_COMMON_BLOCKS = YES;
				GCC_OPTIMIZATION_LEVEL = 0;
				GCC_PREPROCESSOR_DEFINITIONS = (
					"DEBUG=1",
					"$(inherited)",
				);
				GCC_WARN_64_TO_32_BIT_CONVERSION = YES;
				GCC_WARN_ABOUT_RETURN_TYPE = YES_ERROR;
				GCC_WARN_UNDECLARED_SELECTOR = YES;
				GCC_WARN_UNINITIALIZED_AUTOS = YES_AGGRESSIVE;
				GCC_WARN_UNUSED_FUNCTION = YES;
				GCC_WARN_UNUSED_VARIABLE = YES;
				MACOSX_DEPLOYMENT_TARGET = 10.15;
				MTL_ENABLE_DEBUG_INFO = INCLUDE_SOURCE;
				MTL_FAST_MATH = YES;
				ONLY_ACTIVE_ARCH = YES;
				SDKROOT = macosx;
				SWIFT_ACTIVE_COMPILATION_CONDITIONS = DEBUG;
				SWIFT_OPTIMIZATION_LEVEL = "-Onone";
			};
			name = Debug;
		};
		BB2F6DB725C4137F001BA68A /* Release */ = {
			isa = XCBuildConfiguration;
			buildSettings = {
				ALWAYS_SEARCH_USER_PATHS = NO;
				CLANG_ANALYZER_NONNULL = YES;
				CLANG_ANALYZER_NUMBER_OBJECT_CONVERSION = YES_AGGRESSIVE;
				CLANG_CXX_LANGUAGE_STANDARD = "gnu++14";
				CLANG_CXX_LIBRARY = "libc++";
				CLANG_ENABLE_MODULES = YES;
				CLANG_ENABLE_OBJC_ARC = YES;
				CLANG_ENABLE_OBJC_WEAK = YES;
				CLANG_WARN_BLOCK_CAPTURE_AUTORELEASING = YES;
				CLANG_WARN_BOOL_CONVERSION = YES;
				CLANG_WARN_COMMA = YES;
				CLANG_WARN_CONSTANT_CONVERSION = YES;
				CLANG_WARN_DEPRECATED_OBJC_IMPLEMENTATIONS = YES;
				CLANG_WARN_DIRECT_OBJC_ISA_USAGE = YES_ERROR;
				CLANG_WARN_DOCUMENTATION_COMMENTS = YES;
				CLANG_WARN_EMPTY_BODY = YES;
				CLANG_WARN_ENUM_CONVERSION = YES;
				CLANG_WARN_INFINITE_RECURSION = YES;
				CLANG_WARN_INT_CONVERSION = YES;
				CLANG_WARN_NON_LITERAL_NULL_CONVERSION = YES;
				CLANG_WARN_OBJC_IMPLICIT_RETAIN_SELF = YES;
				CLANG_WARN_OBJC_LITERAL_CONVERSION = YES;
				CLANG_WARN_OBJC_ROOT_CLASS = YES_ERROR;
				CLANG_WARN_QUOTED_INCLUDE_IN_FRAMEWORK_HEADER = YES;
				CLANG_WARN_RANGE_LOOP_ANALYSIS = YES;
				CLANG_WARN_STRICT_PROTOTYPES = YES;
				CLANG_WARN_SUSPICIOUS_MOVE = YES;
				CLANG_WARN_UNGUARDED_AVAILABILITY = YES_AGGRESSIVE;
				CLANG_WARN_UNREACHABLE_CODE = YES;
				CLANG_WARN__DUPLICATE_METHOD_MATCH = YES;
				COPY_PHASE_STRIP = NO;
				DEBUG_INFORMATION_FORMAT = "dwarf-with-dsym";
				ENABLE_NS_ASSERTIONS = NO;
				ENABLE_STRICT_OBJC_MSGSEND = YES;
				GCC_C_LANGUAGE_STANDARD = gnu11;
				GCC_NO_COMMON_BLOCKS = YES;
				GCC_WARN_64_TO_32_BIT_CONVERSION = YES;
				GCC_WARN_ABOUT_RETURN_TYPE = YES_ERROR;
				GCC_WARN_UNDECLARED_SELECTOR = YES;
				GCC_WARN_UNINITIALIZED_AUTOS = YES_AGGRESSIVE;
				GCC_WARN_UNUSED_FUNCTION = YES;
				GCC_WARN_UNUSED_VARIABLE = YES;
				MACOSX_DEPLOYMENT_TARGET = 10.15;
				MTL_ENABLE_DEBUG_INFO = NO;
				MTL_FAST_MATH = YES;
				SDKROOT = macosx;
				SWIFT_COMPILATION_MODE = wholemodule;
				SWIFT_OPTIMIZATION_LEVEL = "-O";
			};
			name = Release;
		};
		BB2F6DB925C4137F001BA68A /* Debug */ = {
			isa = XCBuildConfiguration;
			buildSettings = {
				CODE_SIGN_IDENTITY = "-";
				CODE_SIGN_STYLE = Automatic;
				DEVELOPMENT_TEAM = 3L2KZA8674;
				ENABLE_HARDENED_RUNTIME = YES;
				PRODUCT_NAME = "$(TARGET_NAME)";
				SWIFT_VERSION = 5.0;
			};
			name = Debug;
		};
		BB2F6DBA25C4137F001BA68A /* Release */ = {
			isa = XCBuildConfiguration;
			buildSettings = {
				CODE_SIGN_IDENTITY = "-";
				CODE_SIGN_STYLE = Automatic;
				DEVELOPMENT_TEAM = 3L2KZA8674;
				ENABLE_HARDENED_RUNTIME = YES;
				PRODUCT_NAME = "$(TARGET_NAME)";
				SWIFT_VERSION = 5.0;
			};
			name = Release;
		};
		BBDDF9242679FC35002DA0C2 /* Debug */ = {
			isa = XCBuildConfiguration;
			buildSettings = {
				CODE_SIGN_STYLE = Automatic;
				COMBINE_HIDPI_IMAGES = YES;
				DEVELOPMENT_TEAM = 3L2KZA8674;
				INFOPLIST_FILE = SinglyLinkedListTests/Info.plist;
				LD_RUNPATH_SEARCH_PATHS = (
					"$(inherited)",
					"@executable_path/../Frameworks",
					"@loader_path/../Frameworks",
				);
				MACOSX_DEPLOYMENT_TARGET = 11.3;
				PRODUCT_BUNDLE_IDENTIFIER = io.github.suzhenyu.SinglyLinkedListTests;
				PRODUCT_NAME = "$(TARGET_NAME)";
				SWIFT_VERSION = 5.0;
			};
			name = Debug;
		};
		BBDDF9252679FC35002DA0C2 /* Release */ = {
			isa = XCBuildConfiguration;
			buildSettings = {
				CODE_SIGN_STYLE = Automatic;
				COMBINE_HIDPI_IMAGES = YES;
				DEVELOPMENT_TEAM = 3L2KZA8674;
				INFOPLIST_FILE = SinglyLinkedListTests/Info.plist;
				LD_RUNPATH_SEARCH_PATHS = (
					"$(inherited)",
					"@executable_path/../Frameworks",
					"@loader_path/../Frameworks",
				);
				MACOSX_DEPLOYMENT_TARGET = 11.3;
				PRODUCT_BUNDLE_IDENTIFIER = io.github.suzhenyu.SinglyLinkedListTests;
				PRODUCT_NAME = "$(TARGET_NAME)";
				SWIFT_VERSION = 5.0;
			};
			name = Release;
		};
/* End XCBuildConfiguration section */

/* Begin XCConfigurationList section */
		BB2F6DAC25C4137F001BA68A /* Build configuration list for PBXProject "SinglyLinkedList" */ = {
			isa = XCConfigurationList;
			buildConfigurations = (
				BB2F6DB625C4137F001BA68A /* Debug */,
				BB2F6DB725C4137F001BA68A /* Release */,
			);
			defaultConfigurationIsVisible = 0;
			defaultConfigurationName = Release;
		};
		BB2F6DB825C4137F001BA68A /* Build configuration list for PBXNativeTarget "SinglyLinkedList" */ = {
			isa = XCConfigurationList;
			buildConfigurations = (
				BB2F6DB925C4137F001BA68A /* Debug */,
				BB2F6DBA25C4137F001BA68A /* Release */,
			);
			defaultConfigurationIsVisible = 0;
			defaultConfigurationName = Release;
		};
		BBDDF9232679FC35002DA0C2 /* Build configuration list for PBXNativeTarget "SinglyLinkedListTests" */ = {
			isa = XCConfigurationList;
			buildConfigurations = (
				BBDDF9242679FC35002DA0C2 /* Debug */,
				BBDDF9252679FC35002DA0C2 /* Release */,
			);
			defaultConfigurationIsVisible = 0;
			defaultConfigurationName = Release;
		};
/* End XCConfigurationList section */
	};
	rootObject = BB2F6DA925C4137F001BA68A /* Project object */;
}
